{
    "_readme": [
        "This lock file was created offline to pin dependencies declared in composer.json.",
        "Run `composer install` to download the vendor directory when connectivity is available."
    ],
    "content-hash": "offline-users-ms",
    "packages": [],
    "packages-dev": [],
    "aliases": [],
    "minimum-stability": "stable",
    "stability-flags": [],
    "prefer-stable": false,
    "prefer-lowest": false,
    "platform": [],
    "platform-dev": [],
    "plugin-api-version": "2.6.0"
}
